// !$*UTF8*$!
{
	archiveVersion = 1;
	classes = {
	};
	objectVersion = 51;
	objects = {

/* Begin PBXBuildFile section */
		3C0316EE25C64E1D00F5371C /* AppDelegate.swift in Sources */ = {isa = PBXBuildFile; fileRef = 3C0316ED25C64E1D00F5371C /* AppDelegate.swift */; };
		3C0316F025C64E1D00F5371C /* GameScene.sks in Resources */ = {isa = PBXBuildFile; fileRef = 3C0316EF25C64E1D00F5371C /* GameScene.sks */; };
		3C0316F225C64E1D00F5371C /* Actions.sks in Resources */ = {isa = PBXBuildFile; fileRef = 3C0316F125C64E1D00F5371C /* Actions.sks */; };
		3C0316F425C64E1D00F5371C /* GameScene.swift in Sources */ = {isa = PBXBuildFile; fileRef = 3C0316F325C64E1D00F5371C /* GameScene.swift */; };
		3C0316F625C64E1D00F5371C /* GameViewController.swift in Sources */ = {isa = PBXBuildFile; fileRef = 3C0316F525C64E1D00F5371C /* GameViewController.swift */; };
		3C0316F925C64E1D00F5371C /* Main.storyboard in Resources */ = {isa = PBXBuildFile; fileRef = 3C0316F725C64E1D00F5371C /* Main.storyboard */; };
		3C0316FB25C64E1F00F5371C /* Assets.xcassets in Resources */ = {isa = PBXBuildFile; fileRef = 3C0316FA25C64E1F00F5371C /* Assets.xcassets */; };
		3C0316FE25C64E1F00F5371C /* LaunchScreen.storyboard in Resources */ = {isa = PBXBuildFile; fileRef = 3C0316FC25C64E1F00F5371C /* LaunchScreen.storyboard */; };
		3C1C46A925EB2C6300557025 /* SplashScreenViewController.swift in Sources */ = {isa = PBXBuildFile; fileRef = 3C1C46A825EB2C6300557025 /* SplashScreenViewController.swift */; };
		3C9D95D025F3946C007B0961 /* GameViewController+Admob.swift in Sources */ = {isa = PBXBuildFile; fileRef = 3C9D95CF25F3946C007B0961 /* GameViewController+Admob.swift */; };
		3CAF2DFD25CFEC57003A2DFF /* ScoreNode.swift in Sources */ = {isa = PBXBuildFile; fileRef = 3CAF2DFC25CFEC57003A2DFF /* ScoreNode.swift */; };
		3CB6C85925C687F80077B5FB /* torpedo.mp3 in Resources */ = {isa = PBXBuildFile; fileRef = 3CB6C85725C687F70077B5FB /* torpedo.mp3 */; };
		3CB6C85A25C687F80077B5FB /* TestSpark.sks in Resources */ = {isa = PBXBuildFile; fileRef = 3CB6C85825C687F80077B5FB /* TestSpark.sks */; };
		3CB6C86325C688100077B5FB /* base_explosion.sks in Resources */ = {isa = PBXBuildFile; fileRef = 3CB6C85B25C6880F0077B5FB /* base_explosion.sks */; };
		3CB6C86425C688100077B5FB /* life_fire.sks in Resources */ = {isa = PBXBuildFile; fileRef = 3CB6C85C25C6880F0077B5FB /* life_fire.sks */; };
		3CB6C86525C688100077B5FB /* Explosion.sks in Resources */ = {isa = PBXBuildFile; fileRef = 3CB6C85D25C6880F0077B5FB /* Explosion.sks */; };
		3CB6C86625C688100077B5FB /* smoke.sks in Resources */ = {isa = PBXBuildFile; fileRef = 3CB6C85E25C6880F0077B5FB /* smoke.sks */; };
		3CB6C86725C688100077B5FB /* spark.png in Resources */ = {isa = PBXBuildFile; fileRef = 3CB6C85F25C6880F0077B5FB /* spark.png */; };
		3CB6C86825C688100077B5FB /* Starfield.sks in Resources */ = {isa = PBXBuildFile; fileRef = 3CB6C86025C688100077B5FB /* Starfield.sks */; };
		3CB6C86925C688100077B5FB /* meteor_tail.sks in Resources */ = {isa = PBXBuildFile; fileRef = 3CB6C86125C688100077B5FB /* meteor_tail.sks */; };
		3CB6C86A25C688100077B5FB /* explosion.mp3 in Resources */ = {isa = PBXBuildFile; fileRef = 3CB6C86225C688100077B5FB /* explosion.mp3 */; };
		3CB6C86C25C688C30077B5FB /* AWLettersSKSN.swift in Sources */ = {isa = PBXBuildFile; fileRef = 3CB6C86B25C688C30077B5FB /* AWLettersSKSN.swift */; };
		3CB6C86E25C6890E0077B5FB /* ButtonsSKNode.swift in Sources */ = {isa = PBXBuildFile; fileRef = 3CB6C86D25C6890E0077B5FB /* ButtonsSKNode.swift */; };
		3CB6C87025C6893B0077B5FB /* EnemyLetterNode.swift in Sources */ = {isa = PBXBuildFile; fileRef = 3CB6C86F25C6893B0077B5FB /* EnemyLetterNode.swift */; };
		3CB6C87225C6896C0077B5FB /* Letter.swift in Sources */ = {isa = PBXBuildFile; fileRef = 3CB6C87125C6896C0077B5FB /* Letter.swift */; };
		3CB6C87425C689930077B5FB /* TargetNode.swift in Sources */ = {isa = PBXBuildFile; fileRef = 3CB6C87325C689930077B5FB /* TargetNode.swift */; };
		3CB6C87625C689B10077B5FB /* TorpedoNode.swift in Sources */ = {isa = PBXBuildFile; fileRef = 3CB6C87525C689B10077B5FB /* TorpedoNode.swift */; };
		3CB6C87825C689D30077B5FB /* LifeNode.swift in Sources */ = {isa = PBXBuildFile; fileRef = 3CB6C87725C689D30077B5FB /* LifeNode.swift */; };
		3CB6C87A25C68AC00077B5FB /* AWEnums.swift in Sources */ = {isa = PBXBuildFile; fileRef = 3CB6C87925C68AC00077B5FB /* AWEnums.swift */; };
		3CB6C87C25C68B360077B5FB /* GameDimension.swift in Sources */ = {isa = PBXBuildFile; fileRef = 3CB6C87B25C68B360077B5FB /* GameDimension.swift */; };
		3CB6C87E25C68B740077B5FB /* ActionHelper.swift in Sources */ = {isa = PBXBuildFile; fileRef = 3CB6C87D25C68B740077B5FB /* ActionHelper.swift */; };
		3CB6C88325C68C210077B5FB /* AWGamePlayComponents.swift in Sources */ = {isa = PBXBuildFile; fileRef = 3CB6C88225C68C210077B5FB /* AWGamePlayComponents.swift */; };
		3CB6C88525C68C3D0077B5FB /* GameScene+Play.swift in Sources */ = {isa = PBXBuildFile; fileRef = 3CB6C88425C68C3D0077B5FB /* GameScene+Play.swift */; };
		3CB6C88725C68C680077B5FB /* AWGameStandByComponents.swift in Sources */ = {isa = PBXBuildFile; fileRef = 3CB6C88625C68C680077B5FB /* AWGameStandByComponents.swift */; };
		3CB6C88925C68C840077B5FB /* GameScene+StandBy.swift in Sources */ = {isa = PBXBuildFile; fileRef = 3CB6C88825C68C840077B5FB /* GameScene+StandBy.swift */; };
		3CB6C88B25C68CE50077B5FB /* AWGameGameOverComponents.swift in Sources */ = {isa = PBXBuildFile; fileRef = 3CB6C88A25C68CE50077B5FB /* AWGameGameOverComponents.swift */; };
		3CB6C88D25C68D0A0077B5FB /* GameScene+GameOver.swift in Sources */ = {isa = PBXBuildFile; fileRef = 3CB6C88C25C68D0A0077B5FB /* GameScene+GameOver.swift */; };
		4A67277826157D56003E6CA8 /* GameViewController+AudienceNetwork.swift in Sources */ = {isa = PBXBuildFile; fileRef = 4A67277726157D56003E6CA8 /* GameViewController+AudienceNetwork.swift */; };
		4A67277B2616BF2B003E6CA8 /* AdCodes.swift in Sources */ = {isa = PBXBuildFile; fileRef = 4A67277A2616BF2A003E6CA8 /* AdCodes.swift */; };
		4A9C3DCC26A57ACB00B20FA6 /* GameViewController+Delegate.swift in Sources */ = {isa = PBXBuildFile; fileRef = 4A9C3DCB26A57ACB00B20FA6 /* GameViewController+Delegate.swift */; };
		4A9C3DDC26A7C89100B20FA6 /* IAPManager.swift in Sources */ = {isa = PBXBuildFile; fileRef = 4A9C3DDB26A7C89100B20FA6 /* IAPManager.swift */; };
		4A9C3DF526AA540A00B20FA6 /* StoreKit.framework in Frameworks */ = {isa = PBXBuildFile; fileRef = 4A9C3DF426AA540900B20FA6 /* StoreKit.framework */; };
		4AE99199269D983800759045 /* InAppPurchaseViewController.swift in Sources */ = {isa = PBXBuildFile; fileRef = 4AE99198269D983800759045 /* InAppPurchaseViewController.swift */; };
		6D67A00F88A0317E9654E6A0 /* Pods_AlphabetWar.framework in Frameworks */ = {isa = PBXBuildFile; fileRef = 9BCC8C81DB33DAA7174A54D7 /* Pods_AlphabetWar.framework */; };
/* End PBXBuildFile section */

/* Begin PBXFileReference section */
		1257093460DE4638F4D6EA91 /* Pods-AlphabetWar.debug.xcconfig */ = {isa = PBXFileReference; includeInIndex = 1; lastKnownFileType = text.xcconfig; name = "Pods-AlphabetWar.debug.xcconfig"; path = "Target Support Files/Pods-AlphabetWar/Pods-AlphabetWar.debug.xcconfig"; sourceTree = "<group>"; };
		3C0316EA25C64E1D00F5371C /* AlphabetWar.app */ = {isa = PBXFileReference; explicitFileType = wrapper.application; includeInIndex = 0; path = AlphabetWar.app; sourceTree = BUILT_PRODUCTS_DIR; };
		3C0316ED25C64E1D00F5371C /* AppDelegate.swift */ = {isa = PBXFileReference; lastKnownFileType = sourcecode.swift; path = AppDelegate.swift; sourceTree = "<group>"; };
		3C0316EF25C64E1D00F5371C /* GameScene.sks */ = {isa = PBXFileReference; lastKnownFileType = file.sks; path = GameScene.sks; sourceTree = "<group>"; };
		3C0316F125C64E1D00F5371C /* Actions.sks */ = {isa = PBXFileReference; lastKnownFileType = file.sks; path = Actions.sks; sourceTree = "<group>"; };
		3C0316F325C64E1D00F5371C /* GameScene.swift */ = {isa = PBXFileReference; lastKnownFileType = sourcecode.swift; path = GameScene.swift; sourceTree = "<group>"; };
		3C0316F525C64E1D00F5371C /* GameViewController.swift */ = {isa = PBXFileReference; lastKnownFileType = sourcecode.swift; path = GameViewController.swift; sourceTree = "<group>"; };
		3C0316F825C64E1D00F5371C /* Base */ = {isa = PBXFileReference; lastKnownFileType = file.storyboard; name = Base; path = Base.lproj/Main.storyboard; sourceTree = "<group>"; };
		3C0316FA25C64E1F00F5371C /* Assets.xcassets */ = {isa = PBXFileReference; lastKnownFileType = folder.assetcatalog; path = Assets.xcassets; sourceTree = "<group>"; };
		3C0316FD25C64E1F00F5371C /* Base */ = {isa = PBXFileReference; lastKnownFileType = file.storyboard; name = Base; path = Base.lproj/LaunchScreen.storyboard; sourceTree = "<group>"; };
		3C0316FF25C64E1F00F5371C /* Info.plist */ = {isa = PBXFileReference; lastKnownFileType = text.plist.xml; path = Info.plist; sourceTree = "<group>"; };
		3C1C46A825EB2C6300557025 /* SplashScreenViewController.swift */ = {isa = PBXFileReference; lastKnownFileType = sourcecode.swift; path = SplashScreenViewController.swift; sourceTree = "<group>"; };
		3C9D95CF25F3946C007B0961 /* GameViewController+Admob.swift */ = {isa = PBXFileReference; lastKnownFileType = sourcecode.swift; path = "GameViewController+Admob.swift"; sourceTree = "<group>"; };
		3CAF2DFC25CFEC57003A2DFF /* ScoreNode.swift */ = {isa = PBXFileReference; lastKnownFileType = sourcecode.swift; path = ScoreNode.swift; sourceTree = "<group>"; };
		3CB6C85725C687F70077B5FB /* torpedo.mp3 */ = {isa = PBXFileReference; lastKnownFileType = audio.mp3; path = torpedo.mp3; sourceTree = "<group>"; };
		3CB6C85825C687F80077B5FB /* TestSpark.sks */ = {isa = PBXFileReference; lastKnownFileType = file.sks; path = TestSpark.sks; sourceTree = "<group>"; };
		3CB6C85B25C6880F0077B5FB /* base_explosion.sks */ = {isa = PBXFileReference; lastKnownFileType = file.sks; path = base_explosion.sks; sourceTree = "<group>"; };
		3CB6C85C25C6880F0077B5FB /* life_fire.sks */ = {isa = PBXFileReference; lastKnownFileType = file.sks; path = life_fire.sks; sourceTree = "<group>"; };
		3CB6C85D25C6880F0077B5FB /* Explosion.sks */ = {isa = PBXFileReference; lastKnownFileType = file.sks; path = Explosion.sks; sourceTree = "<group>"; };
		3CB6C85E25C6880F0077B5FB /* smoke.sks */ = {isa = PBXFileReference; lastKnownFileType = file.sks; path = smoke.sks; sourceTree = "<group>"; };
		3CB6C85F25C6880F0077B5FB /* spark.png */ = {isa = PBXFileReference; lastKnownFileType = image.png; path = spark.png; sourceTree = "<group>"; };
		3CB6C86025C688100077B5FB /* Starfield.sks */ = {isa = PBXFileReference; lastKnownFileType = file.sks; path = Starfield.sks; sourceTree = "<group>"; };
		3CB6C86125C688100077B5FB /* meteor_tail.sks */ = {isa = PBXFileReference; lastKnownFileType = file.sks; path = meteor_tail.sks; sourceTree = "<group>"; };
		3CB6C86225C688100077B5FB /* explosion.mp3 */ = {isa = PBXFileReference; lastKnownFileType = audio.mp3; path = explosion.mp3; sourceTree = "<group>"; };
		3CB6C86B25C688C30077B5FB /* AWLettersSKSN.swift */ = {isa = PBXFileReference; lastKnownFileType = sourcecode.swift; path = AWLettersSKSN.swift; sourceTree = "<group>"; };
		3CB6C86D25C6890E0077B5FB /* ButtonsSKNode.swift */ = {isa = PBXFileReference; lastKnownFileType = sourcecode.swift; path = ButtonsSKNode.swift; sourceTree = "<group>"; };
		3CB6C86F25C6893B0077B5FB /* EnemyLetterNode.swift */ = {isa = PBXFileReference; lastKnownFileType = sourcecode.swift; path = EnemyLetterNode.swift; sourceTree = "<group>"; };
		3CB6C87125C6896C0077B5FB /* Letter.swift */ = {isa = PBXFileReference; lastKnownFileType = sourcecode.swift; path = Letter.swift; sourceTree = "<group>"; };
		3CB6C87325C689930077B5FB /* TargetNode.swift */ = {isa = PBXFileReference; lastKnownFileType = sourcecode.swift; path = TargetNode.swift; sourceTree = "<group>"; };
		3CB6C87525C689B10077B5FB /* TorpedoNode.swift */ = {isa = PBXFileReference; lastKnownFileType = sourcecode.swift; path = TorpedoNode.swift; sourceTree = "<group>"; };
		3CB6C87725C689D30077B5FB /* LifeNode.swift */ = {isa = PBXFileReference; lastKnownFileType = sourcecode.swift; path = LifeNode.swift; sourceTree = "<group>"; };
		3CB6C87925C68AC00077B5FB /* AWEnums.swift */ = {isa = PBXFileReference; lastKnownFileType = sourcecode.swift; path = AWEnums.swift; sourceTree = "<group>"; };
		3CB6C87B25C68B360077B5FB /* GameDimension.swift */ = {isa = PBXFileReference; lastKnownFileType = sourcecode.swift; path = GameDimension.swift; sourceTree = "<group>"; };
		3CB6C87D25C68B740077B5FB /* ActionHelper.swift */ = {isa = PBXFileReference; lastKnownFileType = sourcecode.swift; path = ActionHelper.swift; sourceTree = "<group>"; };
		3CB6C88225C68C210077B5FB /* AWGamePlayComponents.swift */ = {isa = PBXFileReference; lastKnownFileType = sourcecode.swift; path = AWGamePlayComponents.swift; sourceTree = "<group>"; };
		3CB6C88425C68C3D0077B5FB /* GameScene+Play.swift */ = {isa = PBXFileReference; lastKnownFileType = sourcecode.swift; path = "GameScene+Play.swift"; sourceTree = "<group>"; };
		3CB6C88625C68C680077B5FB /* AWGameStandByComponents.swift */ = {isa = PBXFileReference; lastKnownFileType = sourcecode.swift; path = AWGameStandByComponents.swift; sourceTree = "<group>"; };
		3CB6C88825C68C840077B5FB /* GameScene+StandBy.swift */ = {isa = PBXFileReference; lastKnownFileType = sourcecode.swift; path = "GameScene+StandBy.swift"; sourceTree = "<group>"; };
		3CB6C88A25C68CE50077B5FB /* AWGameGameOverComponents.swift */ = {isa = PBXFileReference; lastKnownFileType = sourcecode.swift; path = AWGameGameOverComponents.swift; sourceTree = "<group>"; };
		3CB6C88C25C68D0A0077B5FB /* GameScene+GameOver.swift */ = {isa = PBXFileReference; lastKnownFileType = sourcecode.swift; path = "GameScene+GameOver.swift"; sourceTree = "<group>"; };
		4A67277726157D56003E6CA8 /* GameViewController+AudienceNetwork.swift */ = {isa = PBXFileReference; lastKnownFileType = sourcecode.swift; path = "GameViewController+AudienceNetwork.swift"; sourceTree = "<group>"; };
		4A67277A2616BF2A003E6CA8 /* AdCodes.swift */ = {isa = PBXFileReference; lastKnownFileType = sourcecode.swift; path = AdCodes.swift; sourceTree = "<group>"; };
		4A9C3DCB26A57ACB00B20FA6 /* GameViewController+Delegate.swift */ = {isa = PBXFileReference; lastKnownFileType = sourcecode.swift; path = "GameViewController+Delegate.swift"; sourceTree = "<group>"; };
		4A9C3DDB26A7C89100B20FA6 /* IAPManager.swift */ = {isa = PBXFileReference; lastKnownFileType = sourcecode.swift; path = IAPManager.swift; sourceTree = "<group>"; };
		4A9C3DDE26A7EB8300B20FA6 /* Configuration.storekit */ = {isa = PBXFileReference; lastKnownFileType = text; path = Configuration.storekit; sourceTree = "<group>"; };
		4A9C3DF426AA540900B20FA6 /* StoreKit.framework */ = {isa = PBXFileReference; lastKnownFileType = wrapper.framework; name = StoreKit.framework; path = System/Library/Frameworks/StoreKit.framework; sourceTree = SDKROOT; };
		4AE99198269D983800759045 /* InAppPurchaseViewController.swift */ = {isa = PBXFileReference; lastKnownFileType = sourcecode.swift; path = InAppPurchaseViewController.swift; sourceTree = "<group>"; };
		90D099FAF0ABB04F7504B256 /* Pods-AlphabetWar.release.xcconfig */ = {isa = PBXFileReference; includeInIndex = 1; lastKnownFileType = text.xcconfig; name = "Pods-AlphabetWar.release.xcconfig"; path = "Target Support Files/Pods-AlphabetWar/Pods-AlphabetWar.release.xcconfig"; sourceTree = "<group>"; };
		9BCC8C81DB33DAA7174A54D7 /* Pods_AlphabetWar.framework */ = {isa = PBXFileReference; explicitFileType = wrapper.framework; includeInIndex = 0; path = Pods_AlphabetWar.framework; sourceTree = BUILT_PRODUCTS_DIR; };
/* End PBXFileReference section */

/* Begin PBXFrameworksBuildPhase section */
		3C0316E725C64E1D00F5371C /* Frameworks */ = {
			isa = PBXFrameworksBuildPhase;
			buildActionMask = 2147483647;
			files = (
				6D67A00F88A0317E9654E6A0 /* Pods_AlphabetWar.framework in Frameworks */,
				4A9C3DF526AA540A00B20FA6 /* StoreKit.framework in Frameworks */,
			);
			runOnlyForDeploymentPostprocessing = 0;
		};
/* End PBXFrameworksBuildPhase section */

/* Begin PBXGroup section */
		3C0316E125C64E1D00F5371C = {
			isa = PBXGroup;
			children = (
				3C0316EC25C64E1D00F5371C /* AlphabetWar */,
				3C0316EB25C64E1D00F5371C /* Products */,
				ED37126E3BE0299971776E18 /* Pods */,
				B5B4523EC4E4721D14FC0786 /* Frameworks */,
			);
			sourceTree = "<group>";
		};
		3C0316EB25C64E1D00F5371C /* Products */ = {
			isa = PBXGroup;
			children = (
				3C0316EA25C64E1D00F5371C /* AlphabetWar.app */,
			);
			name = Products;
			sourceTree = "<group>";
		};
		3C0316EC25C64E1D00F5371C /* AlphabetWar */ = {
			isa = PBXGroup;
			children = (
				3C9D95CE25F393EE007B0961 /* Game */,
				3CB6C85625C6875F0077B5FB /* GameStatus */,
				3CB6C85525C687550077B5FB /* Customs */,
				3CB6C85425C687480077B5FB /* Helpers */,
				3CB6C85325C6873B0077B5FB /* Constants */,
				3CB6C85225C6872D0077B5FB /* Models */,
				3CB6C85125C6871E0077B5FB /* Assets */,
				3C0316ED25C64E1D00F5371C /* AppDelegate.swift */,
				3C0316EF25C64E1D00F5371C /* GameScene.sks */,
				3C0316F125C64E1D00F5371C /* Actions.sks */,
				3C0316F725C64E1D00F5371C /* Main.storyboard */,
				3C0316FA25C64E1F00F5371C /* Assets.xcassets */,
				3C0316FC25C64E1F00F5371C /* LaunchScreen.storyboard */,
				3C0316FF25C64E1F00F5371C /* Info.plist */,
				3C1C46A825EB2C6300557025 /* SplashScreenViewController.swift */,
				4A9C3DDE26A7EB8300B20FA6 /* Configuration.storekit */,
			);
			path = AlphabetWar;
			sourceTree = "<group>";
		};
		3C9D95CE25F393EE007B0961 /* Game */ = {
			isa = PBXGroup;
			children = (
				4A9C3DCF26A7C03400B20FA6 /* GameView */,
				4A9C3DCE26A7C02200B20FA6 /* InAppPurchase */,
				3C0316F325C64E1D00F5371C /* GameScene.swift */,
			);
			path = Game;
			sourceTree = "<group>";
		};
		3CB6C85125C6871E0077B5FB /* Assets */ = {
			isa = PBXGroup;
			children = (
				3CB6C85B25C6880F0077B5FB /* base_explosion.sks */,
				3CB6C86225C688100077B5FB /* explosion.mp3 */,
				3CB6C85D25C6880F0077B5FB /* Explosion.sks */,
				3CB6C85C25C6880F0077B5FB /* life_fire.sks */,
				3CB6C86125C688100077B5FB /* meteor_tail.sks */,
				3CB6C85E25C6880F0077B5FB /* smoke.sks */,
				3CB6C85F25C6880F0077B5FB /* spark.png */,
				3CB6C86025C688100077B5FB /* Starfield.sks */,
				3CB6C85825C687F80077B5FB /* TestSpark.sks */,
				3CB6C85725C687F70077B5FB /* torpedo.mp3 */,
			);
			path = Assets;
			sourceTree = "<group>";
		};
		3CB6C85225C6872D0077B5FB /* Models */ = {
			isa = PBXGroup;
			children = (
				3CB6C86B25C688C30077B5FB /* AWLettersSKSN.swift */,
				3CB6C86D25C6890E0077B5FB /* ButtonsSKNode.swift */,
				3CB6C86F25C6893B0077B5FB /* EnemyLetterNode.swift */,
				3CB6C87125C6896C0077B5FB /* Letter.swift */,
				3CB6C87325C689930077B5FB /* TargetNode.swift */,
				3CB6C87525C689B10077B5FB /* TorpedoNode.swift */,
				3CB6C87725C689D30077B5FB /* LifeNode.swift */,
				3CAF2DFC25CFEC57003A2DFF /* ScoreNode.swift */,
			);
			path = Models;
			sourceTree = "<group>";
		};
		3CB6C85325C6873B0077B5FB /* Constants */ = {
			isa = PBXGroup;
			children = (
				3CB6C87925C68AC00077B5FB /* AWEnums.swift */,
				3CB6C87B25C68B360077B5FB /* GameDimension.swift */,
				4A67277A2616BF2A003E6CA8 /* AdCodes.swift */,
			);
			path = Constants;
			sourceTree = "<group>";
		};
		3CB6C85425C687480077B5FB /* Helpers */ = {
			isa = PBXGroup;
			children = (
				3CB6C87D25C68B740077B5FB /* ActionHelper.swift */,
				4A9C3DDB26A7C89100B20FA6 /* IAPManager.swift */,
			);
			path = Helpers;
			sourceTree = "<group>";
		};
		3CB6C85525C687550077B5FB /* Customs */ = {
			isa = PBXGroup;
			children = (
			);
			path = Customs;
			sourceTree = "<group>";
		};
		3CB6C85625C6875F0077B5FB /* GameStatus */ = {
			isa = PBXGroup;
			children = (
				3CB6C88125C68BDB0077B5FB /* GameOverStatus */,
				3CB6C88025C68BCA0077B5FB /* StandByStatus */,
				3CB6C87F25C68B940077B5FB /* PlayStatus */,
			);
			path = GameStatus;
			sourceTree = "<group>";
		};
		3CB6C87F25C68B940077B5FB /* PlayStatus */ = {
			isa = PBXGroup;
			children = (
				3CB6C88225C68C210077B5FB /* AWGamePlayComponents.swift */,
				3CB6C88425C68C3D0077B5FB /* GameScene+Play.swift */,
			);
			path = PlayStatus;
			sourceTree = "<group>";
		};
		3CB6C88025C68BCA0077B5FB /* StandByStatus */ = {
			isa = PBXGroup;
			children = (
				3CB6C88625C68C680077B5FB /* AWGameStandByComponents.swift */,
				3CB6C88825C68C840077B5FB /* GameScene+StandBy.swift */,
			);
			path = StandByStatus;
			sourceTree = "<group>";
		};
		3CB6C88125C68BDB0077B5FB /* GameOverStatus */ = {
			isa = PBXGroup;
			children = (
				3CB6C88A25C68CE50077B5FB /* AWGameGameOverComponents.swift */,
				3CB6C88C25C68D0A0077B5FB /* GameScene+GameOver.swift */,
			);
			path = GameOverStatus;
			sourceTree = "<group>";
		};
		4A9C3DCE26A7C02200B20FA6 /* InAppPurchase */ = {
			isa = PBXGroup;
			children = (
				4AE99198269D983800759045 /* InAppPurchaseViewController.swift */,
			);
			path = InAppPurchase;
			sourceTree = "<group>";
		};
		4A9C3DCF26A7C03400B20FA6 /* GameView */ = {
			isa = PBXGroup;
			children = (
				3C0316F525C64E1D00F5371C /* GameViewController.swift */,
				3C9D95CF25F3946C007B0961 /* GameViewController+Admob.swift */,
				4A67277726157D56003E6CA8 /* GameViewController+AudienceNetwork.swift */,
				4A9C3DCB26A57ACB00B20FA6 /* GameViewController+Delegate.swift */,
			);
			path = GameView;
			sourceTree = "<group>";
		};
		B5B4523EC4E4721D14FC0786 /* Frameworks */ = {
			isa = PBXGroup;
			children = (
				4A9C3DF426AA540900B20FA6 /* StoreKit.framework */,
				9BCC8C81DB33DAA7174A54D7 /* Pods_AlphabetWar.framework */,
			);
			name = Frameworks;
			sourceTree = "<group>";
		};
		ED37126E3BE0299971776E18 /* Pods */ = {
			isa = PBXGroup;
			children = (
				1257093460DE4638F4D6EA91 /* Pods-AlphabetWar.debug.xcconfig */,
				90D099FAF0ABB04F7504B256 /* Pods-AlphabetWar.release.xcconfig */,
			);
			path = Pods;
			sourceTree = "<group>";
		};
/* End PBXGroup section */

/* Begin PBXNativeTarget section */
		3C0316E925C64E1D00F5371C /* AlphabetWar */ = {
			isa = PBXNativeTarget;
			buildConfigurationList = 3C03170225C64E1F00F5371C /* Build configuration list for PBXNativeTarget "AlphabetWar" */;
			buildPhases = (
				B3234AE9F3CCCE20392EC127 /* [CP] Check Pods Manifest.lock */,
				3C0316E625C64E1D00F5371C /* Sources */,
				3C0316E725C64E1D00F5371C /* Frameworks */,
				3C0316E825C64E1D00F5371C /* Resources */,
				49FCA5C5A0DA37132CDFD0A2 /* [CP] Embed Pods Frameworks */,
			);
			buildRules = (
			);
			dependencies = (
			);
			name = AlphabetWar;
			productName = AlphabetWar;
			productReference = 3C0316EA25C64E1D00F5371C /* AlphabetWar.app */;
			productType = "com.apple.product-type.application";
		};
/* End PBXNativeTarget section */

/* Begin PBXProject section */
		3C0316E225C64E1D00F5371C /* Project object */ = {
			isa = PBXProject;
			attributes = {
				LastSwiftUpdateCheck = 1130;
				LastUpgradeCheck = 1130;
				ORGANIZATIONNAME = "HL Games";
				TargetAttributes = {
					3C0316E925C64E1D00F5371C = {
						CreatedOnToolsVersion = 11.3.1;
					};
				};
			};
			buildConfigurationList = 3C0316E525C64E1D00F5371C /* Build configuration list for PBXProject "AlphabetWar" */;
			compatibilityVersion = "Xcode 9.3";
			developmentRegion = en;
			hasScannedForEncodings = 0;
			knownRegions = (
				en,
				Base,
			);
			mainGroup = 3C0316E125C64E1D00F5371C;
			productRefGroup = 3C0316EB25C64E1D00F5371C /* Products */;
			projectDirPath = "";
			projectRoot = "";
			targets = (
				3C0316E925C64E1D00F5371C /* AlphabetWar */,
			);
		};
/* End PBXProject section */

/* Begin PBXResourcesBuildPhase section */
		3C0316E825C64E1D00F5371C /* Resources */ = {
			isa = PBXResourcesBuildPhase;
			buildActionMask = 2147483647;
			files = (
				3CB6C86825C688100077B5FB /* Starfield.sks in Resources */,
				3C0316F925C64E1D00F5371C /* Main.storyboard in Resources */,
				3CB6C86725C688100077B5FB /* spark.png in Resources */,
				3C0316F025C64E1D00F5371C /* GameScene.sks in Resources */,
				3C0316FB25C64E1F00F5371C /* Assets.xcassets in Resources */,
				3C0316FE25C64E1F00F5371C /* LaunchScreen.storyboard in Resources */,
				3CB6C86325C688100077B5FB /* base_explosion.sks in Resources */,
				3CB6C85A25C687F80077B5FB /* TestSpark.sks in Resources */,
				3CB6C86625C688100077B5FB /* smoke.sks in Resources */,
				3CB6C86A25C688100077B5FB /* explosion.mp3 in Resources */,
				3CB6C85925C687F80077B5FB /* torpedo.mp3 in Resources */,
				3CB6C86525C688100077B5FB /* Explosion.sks in Resources */,
				3CB6C86425C688100077B5FB /* life_fire.sks in Resources */,
				3C0316F225C64E1D00F5371C /* Actions.sks in Resources */,
				3CB6C86925C688100077B5FB /* meteor_tail.sks in Resources */,
			);
			runOnlyForDeploymentPostprocessing = 0;
		};
/* End PBXResourcesBuildPhase section */

/* Begin PBXShellScriptBuildPhase section */
		49FCA5C5A0DA37132CDFD0A2 /* [CP] Embed Pods Frameworks */ = {
			isa = PBXShellScriptBuildPhase;
			buildActionMask = 2147483647;
			files = (
			);
			inputFileListPaths = (
				"${PODS_ROOT}/Target Support Files/Pods-AlphabetWar/Pods-AlphabetWar-frameworks-${CONFIGURATION}-input-files.xcfilelist",
			);
			name = "[CP] Embed Pods Frameworks";
			outputFileListPaths = (
				"${PODS_ROOT}/Target Support Files/Pods-AlphabetWar/Pods-AlphabetWar-frameworks-${CONFIGURATION}-output-files.xcfilelist",
			);
			runOnlyForDeploymentPostprocessing = 0;
			shellPath = /bin/sh;
			shellScript = "\"${PODS_ROOT}/Target Support Files/Pods-AlphabetWar/Pods-AlphabetWar-frameworks.sh\"\n";
			showEnvVarsInLog = 0;
		};
		B3234AE9F3CCCE20392EC127 /* [CP] Check Pods Manifest.lock */ = {
			isa = PBXShellScriptBuildPhase;
			buildActionMask = 2147483647;
			files = (
			);
			inputFileListPaths = (
			);
			inputPaths = (
				"${PODS_PODFILE_DIR_PATH}/Podfile.lock",
				"${PODS_ROOT}/Manifest.lock",
			);
			name = "[CP] Check Pods Manifest.lock";
			outputFileListPaths = (
			);
			outputPaths = (
				"$(DERIVED_FILE_DIR)/Pods-AlphabetWar-checkManifestLockResult.txt",
			);
			runOnlyForDeploymentPostprocessing = 0;
			shellPath = /bin/sh;
			shellScript = "diff \"${PODS_PODFILE_DIR_PATH}/Podfile.lock\" \"${PODS_ROOT}/Manifest.lock\" > /dev/null\nif [ $? != 0 ] ; then\n    # print error to STDERR\n    echo \"error: The sandbox is not in sync with the Podfile.lock. Run 'pod install' or update your CocoaPods installation.\" >&2\n    exit 1\nfi\n# This output is used by Xcode 'outputs' to avoid re-running this script phase.\necho \"SUCCESS\" > \"${SCRIPT_OUTPUT_FILE_0}\"\n";
			showEnvVarsInLog = 0;
		};
/* End PBXShellScriptBuildPhase section */

/* Begin PBXSourcesBuildPhase section */
		3C0316E625C64E1D00F5371C /* Sources */ = {
			isa = PBXSourcesBuildPhase;
			buildActionMask = 2147483647;
			files = (
				3CAF2DFD25CFEC57003A2DFF /* ScoreNode.swift in Sources */,
				3CB6C87425C689930077B5FB /* TargetNode.swift in Sources */,
				3C1C46A925EB2C6300557025 /* SplashScreenViewController.swift in Sources */,
				4A9C3DCC26A57ACB00B20FA6 /* GameViewController+Delegate.swift in Sources */,
				3CB6C87225C6896C0077B5FB /* Letter.swift in Sources */,
				3CB6C87C25C68B360077B5FB /* GameDimension.swift in Sources */,
				3CB6C87025C6893B0077B5FB /* EnemyLetterNode.swift in Sources */,
				3CB6C87825C689D30077B5FB /* LifeNode.swift in Sources */,
				3CB6C88725C68C680077B5FB /* AWGameStandByComponents.swift in Sources */,
				3CB6C88925C68C840077B5FB /* GameScene+StandBy.swift in Sources */,
				3CB6C86C25C688C30077B5FB /* AWLettersSKSN.swift in Sources */,
				3CB6C87A25C68AC00077B5FB /* AWEnums.swift in Sources */,
				4A67277826157D56003E6CA8 /* GameViewController+AudienceNetwork.swift in Sources */,
				3C0316F425C64E1D00F5371C /* GameScene.swift in Sources */,
				3C0316F625C64E1D00F5371C /* GameViewController.swift in Sources */,
				3CB6C88B25C68CE50077B5FB /* AWGameGameOverComponents.swift in Sources */,
				3C0316EE25C64E1D00F5371C /* AppDelegate.swift in Sources */,
				3CB6C88D25C68D0A0077B5FB /* GameScene+GameOver.swift in Sources */,
				4A9C3DDC26A7C89100B20FA6 /* IAPManager.swift in Sources */,
				3CB6C86E25C6890E0077B5FB /* ButtonsSKNode.swift in Sources */,
				4AE99199269D983800759045 /* InAppPurchaseViewController.swift in Sources */,
				3CB6C88325C68C210077B5FB /* AWGamePlayComponents.swift in Sources */,
				4A67277B2616BF2B003E6CA8 /* AdCodes.swift in Sources */,
				3CB6C88525C68C3D0077B5FB /* GameScene+Play.swift in Sources */,
				3CB6C87E25C68B740077B5FB /* ActionHelper.swift in Sources */,
				3C9D95D025F3946C007B0961 /* GameViewController+Admob.swift in Sources */,
				3CB6C87625C689B10077B5FB /* TorpedoNode.swift in Sources */,
			);
			runOnlyForDeploymentPostprocessing = 0;
		};
/* End PBXSourcesBuildPhase section */

/* Begin PBXVariantGroup section */
		3C0316F725C64E1D00F5371C /* Main.storyboard */ = {
			isa = PBXVariantGroup;
			children = (
				3C0316F825C64E1D00F5371C /* Base */,
			);
			name = Main.storyboard;
			sourceTree = "<group>";
		};
		3C0316FC25C64E1F00F5371C /* LaunchScreen.storyboard */ = {
			isa = PBXVariantGroup;
			children = (
				3C0316FD25C64E1F00F5371C /* Base */,
			);
			name = LaunchScreen.storyboard;
			sourceTree = "<group>";
		};
/* End PBXVariantGroup section */

/* Begin XCBuildConfiguration section */
		3C03170025C64E1F00F5371C /* Debug */ = {
			isa = XCBuildConfiguration;
			buildSettings = {
				ALWAYS_EMBED_SWIFT_STANDARD_LIBRARIES = YES;
				ALWAYS_SEARCH_USER_PATHS = NO;
				CLANG_ANALYZER_NONNULL = YES;
				CLANG_ANALYZER_NUMBER_OBJECT_CONVERSION = YES_AGGRESSIVE;
				CLANG_CXX_LANGUAGE_STANDARD = "gnu++14";
				CLANG_CXX_LIBRARY = "libc++";
				CLANG_ENABLE_MODULES = YES;
				CLANG_ENABLE_OBJC_ARC = YES;
				CLANG_ENABLE_OBJC_WEAK = YES;
				CLANG_WARN_BLOCK_CAPTURE_AUTORELEASING = YES;
				CLANG_WARN_BOOL_CONVERSION = YES;
				CLANG_WARN_COMMA = YES;
				CLANG_WARN_CONSTANT_CONVERSION = YES;
				CLANG_WARN_DEPRECATED_OBJC_IMPLEMENTATIONS = YES;
				CLANG_WARN_DIRECT_OBJC_ISA_USAGE = YES_ERROR;
				CLANG_WARN_DOCUMENTATION_COMMENTS = YES;
				CLANG_WARN_EMPTY_BODY = YES;
				CLANG_WARN_ENUM_CONVERSION = YES;
				CLANG_WARN_INFINITE_RECURSION = YES;
				CLANG_WARN_INT_CONVERSION = YES;
				CLANG_WARN_NON_LITERAL_NULL_CONVERSION = YES;
				CLANG_WARN_OBJC_IMPLICIT_RETAIN_SELF = YES;
				CLANG_WARN_OBJC_LITERAL_CONVERSION = YES;
				CLANG_WARN_OBJC_ROOT_CLASS = YES_ERROR;
				CLANG_WARN_RANGE_LOOP_ANALYSIS = YES;
				CLANG_WARN_STRICT_PROTOTYPES = YES;
				CLANG_WARN_SUSPICIOUS_MOVE = YES;
				CLANG_WARN_UNGUARDED_AVAILABILITY = YES_AGGRESSIVE;
				CLANG_WARN_UNREACHABLE_CODE = YES;
				CLANG_WARN__DUPLICATE_METHOD_MATCH = YES;
				COPY_PHASE_STRIP = NO;
				DEBUG_INFORMATION_FORMAT = dwarf;
				DEFINES_MODULE = YES;
				ENABLE_STRICT_OBJC_MSGSEND = YES;
				ENABLE_TESTABILITY = YES;
				GCC_C_LANGUAGE_STANDARD = gnu11;
				GCC_DYNAMIC_NO_PIC = NO;
				GCC_NO_COMMON_BLOCKS = YES;
				GCC_OPTIMIZATION_LEVEL = 0;
				GCC_PREPROCESSOR_DEFINITIONS = (
					"DEBUG=1",
					"$(inherited)",
				);
				GCC_WARN_64_TO_32_BIT_CONVERSION = YES;
				GCC_WARN_ABOUT_RETURN_TYPE = YES_ERROR;
				GCC_WARN_UNDECLARED_SELECTOR = YES;
				GCC_WARN_UNINITIALIZED_AUTOS = YES_AGGRESSIVE;
				GCC_WARN_UNUSED_FUNCTION = YES;
				GCC_WARN_UNUSED_VARIABLE = YES;
				IPHONEOS_DEPLOYMENT_TARGET = 13.2;
				MTL_ENABLE_DEBUG_INFO = INCLUDE_SOURCE;
				MTL_FAST_MATH = YES;
				ONLY_ACTIVE_ARCH = YES;
				SDKROOT = iphoneos;
				SWIFT_ACTIVE_COMPILATION_CONDITIONS = DEBUG;
				SWIFT_OPTIMIZATION_LEVEL = "-Onone";
			};
			name = Debug;
		};
		3C03170125C64E1F00F5371C /* Release */ = {
			isa = XCBuildConfiguration;
			buildSettings = {
				ALWAYS_EMBED_SWIFT_STANDARD_LIBRARIES = YES;
				ALWAYS_SEARCH_USER_PATHS = NO;
				CLANG_ANALYZER_NONNULL = YES;
				CLANG_ANALYZER_NUMBER_OBJECT_CONVERSION = YES_AGGRESSIVE;
				CLANG_CXX_LANGUAGE_STANDARD = "gnu++14";
				CLANG_CXX_LIBRARY = "libc++";
				CLANG_ENABLE_MODULES = YES;
				CLANG_ENABLE_OBJC_ARC = YES;
				CLANG_ENABLE_OBJC_WEAK = YES;
				CLANG_WARN_BLOCK_CAPTURE_AUTORELEASING = YES;
				CLANG_WARN_BOOL_CONVERSION = YES;
				CLANG_WARN_COMMA = YES;
				CLANG_WARN_CONSTANT_CONVERSION = YES;
				CLANG_WARN_DEPRECATED_OBJC_IMPLEMENTATIONS = YES;
				CLANG_WARN_DIRECT_OBJC_ISA_USAGE = YES_ERROR;
				CLANG_WARN_DOCUMENTATION_COMMENTS = YES;
				CLANG_WARN_EMPTY_BODY = YES;
				CLANG_WARN_ENUM_CONVERSION = YES;
				CLANG_WARN_INFINITE_RECURSION = YES;
				CLANG_WARN_INT_CONVERSION = YES;
				CLANG_WARN_NON_LITERAL_NULL_CONVERSION = YES;
				CLANG_WARN_OBJC_IMPLICIT_RETAIN_SELF = YES;
				CLANG_WARN_OBJC_LITERAL_CONVERSION = YES;
				CLANG_WARN_OBJC_ROOT_CLASS = YES_ERROR;
				CLANG_WARN_RANGE_LOOP_ANALYSIS = YES;
				CLANG_WARN_STRICT_PROTOTYPES = YES;
				CLANG_WARN_SUSPICIOUS_MOVE = YES;
				CLANG_WARN_UNGUARDED_AVAILABILITY = YES_AGGRESSIVE;
				CLANG_WARN_UNREACHABLE_CODE = YES;
				CLANG_WARN__DUPLICATE_METHOD_MATCH = YES;
				COPY_PHASE_STRIP = NO;
				DEBUG_INFORMATION_FORMAT = "dwarf-with-dsym";
				DEFINES_MODULE = YES;
				ENABLE_NS_ASSERTIONS = NO;
				ENABLE_STRICT_OBJC_MSGSEND = YES;
				GCC_C_LANGUAGE_STANDARD = gnu11;
				GCC_NO_COMMON_BLOCKS = YES;
				GCC_WARN_64_TO_32_BIT_CONVERSION = YES;
				GCC_WARN_ABOUT_RETURN_TYPE = YES_ERROR;
				GCC_WARN_UNDECLARED_SELECTOR = YES;
				GCC_WARN_UNINITIALIZED_AUTOS = YES_AGGRESSIVE;
				GCC_WARN_UNUSED_FUNCTION = YES;
				GCC_WARN_UNUSED_VARIABLE = YES;
				IPHONEOS_DEPLOYMENT_TARGET = 13.2;
				MTL_ENABLE_DEBUG_INFO = NO;
				MTL_FAST_MATH = YES;
				ONLY_ACTIVE_ARCH = YES;
				SDKROOT = iphoneos;
				SWIFT_COMPILATION_MODE = wholemodule;
				SWIFT_OPTIMIZATION_LEVEL = "-O";
				VALIDATE_PRODUCT = YES;
			};
			name = Release;
		};
		3C03170325C64E1F00F5371C /* Debug */ = {
			isa = XCBuildConfiguration;
			baseConfigurationReference = 1257093460DE4638F4D6EA91 /* Pods-AlphabetWar.debug.xcconfig */;
			buildSettings = {
				ALWAYS_EMBED_SWIFT_STANDARD_LIBRARIES = YES;
				ASSETCATALOG_COMPILER_APPICON_NAME = AppIcon;
				CODE_SIGN_IDENTITY = "iPhone Developer";
				CODE_SIGN_STYLE = Manual;
				CURRENT_PROJECT_VERSION = 8;
				DEFINES_MODULE = YES;
				DEVELOPMENT_TEAM = RYB7WNZ3YU;
				INFOPLIST_FILE = AlphabetWar/Info.plist;
				LD_RUNPATH_SEARCH_PATHS = (
					"$(inherited)",
					"@executable_path/Frameworks",
				);
				MARKETING_VERSION = 1.08;
				OTHER_LDFLAGS = (
					"$(inherited)",
					"-l\"c++\"",
					"-l\"sqlite3\"",
					"-l\"z\"",
					"-framework",
					"\"AVFoundation\"",
					"-framework",
					"\"AudioToolbox\"",
					"-framework",
					"\"CFNetwork\"",
					"-framework",
					"\"CoreGraphics\"",
					"-framework",
					"\"CoreMedia\"",
					"-framework",
					"\"CoreTelephony\"",
					"-framework",
					"\"CoreVideo\"",
					"-framework",
					"\"FBLPromises\"",
					"-framework",
					"\"GoogleAppMeasurement\"",
					"-framework",
					"\"GoogleMobileAds\"",
					"-framework",
					"\"GoogleUtilities\"",
					"-framework",
					"\"MediaPlayer\"",
					"-framework",
					"\"MessageUI\"",
					"-framework",
					"\"MobileCoreServices\"",
					"-framework",
					"\"QuartzCore\"",
					"-framework",
					"\"Security\"",
					"-framework",
					"\"StoreKit\"",
					"-framework",
					"\"SystemConfiguration\"",
					"-framework",
					"\"UserMessagingPlatform\"",
					"-framework",
					"\"WebKit\"",
					"-framework",
					"\"nanopb\"",
					"-weak_framework",
					"\"AdSupport\"",
					"-weak_framework",
					"\"JavaScriptCore\"",
					"-weak_framework",
					"\"SafariServices\"",
					"-weak_framework",
					"\"WebKit\"",
					"-ObjC",
				);
				PRODUCT_BUNDLE_IDENTIFIER = com.harrylingadgames.AlphabetWar;
				PRODUCT_NAME = "$(TARGET_NAME)";
				PROVISIONING_PROFILE_SPECIFIER = "AW Development Provisioning Profile";
				SWIFT_VERSION = 5.0;
				TARGETED_DEVICE_FAMILY = "1,2";
			};
			name = Debug;
		};
		3C03170425C64E1F00F5371C /* Release */ = {
			isa = XCBuildConfiguration;
			baseConfigurationReference = 90D099FAF0ABB04F7504B256 /* Pods-AlphabetWar.release.xcconfig */;
			buildSettings = {
				ALWAYS_EMBED_SWIFT_STANDARD_LIBRARIES = YES;
				ASSETCATALOG_COMPILER_APPICON_NAME = AppIcon;
				CODE_SIGN_IDENTITY = "iPhone Developer";
				CODE_SIGN_STYLE = Manual;
				CURRENT_PROJECT_VERSION = 8;
				DEFINES_MODULE = YES;
				DEVELOPMENT_TEAM = RYB7WNZ3YU;
				INFOPLIST_FILE = AlphabetWar/Info.plist;
				LD_RUNPATH_SEARCH_PATHS = (
					"$(inherited)",
					"@executable_path/Frameworks",
				);
				MARKETING_VERSION = 1.08;
				OTHER_LDFLAGS = (
					"$(inherited)",
					"-l\"c++\"",
					"-l\"sqlite3\"",
					"-l\"z\"",
					"-framework",
					"\"AVFoundation\"",
					"-framework",
					"\"AudioToolbox\"",
					"-framework",
					"\"CFNetwork\"",
					"-framework",
					"\"CoreGraphics\"",
					"-framework",
					"\"CoreMedia\"",
					"-framework",
					"\"CoreTelephony\"",
					"-framework",
					"\"CoreVideo\"",
					"-framework",
					"\"FBLPromises\"",
					"-framework",
					"\"GoogleAppMeasurement\"",
					"-framework",
					"\"GoogleMobileAds\"",
					"-framework",
					"\"GoogleUtilities\"",
					"-framework",
					"\"MediaPlayer\"",
					"-framework",
					"\"MessageUI\"",
					"-framework",
					"\"MobileCoreServices\"",
					"-framework",
					"\"QuartzCore\"",
					"-framework",
					"\"Security\"",
					"-framework",
					"\"StoreKit\"",
					"-framework",
					"\"SystemConfiguration\"",
					"-framework",
					"\"UserMessagingPlatform\"",
					"-framework",
					"\"WebKit\"",
					"-framework",
					"\"nanopb\"",
					"-weak_framework",
					"\"AdSupport\"",
					"-weak_framework",
					"\"JavaScriptCore\"",
					"-weak_framework",
					"\"SafariServices\"",
					"-weak_framework",
					"\"WebKit\"",
					"-ObjC",
				);
				PRODUCT_BUNDLE_IDENTIFIER = com.harrylingadgames.AlphabetWar;
				PRODUCT_NAME = "$(TARGET_NAME)";
				PROVISIONING_PROFILE_SPECIFIER = "AW Development Provisioning Profile";
				SWIFT_VERSION = 5.0;
				TARGETED_DEVICE_FAMILY = "1,2";
			};
			name = Release;
		};
/* End XCBuildConfiguration section */

/* Begin XCConfigurationList section */
		3C0316E525C64E1D00F5371C /* Build configuration list for PBXProject "AlphabetWar" */ = {
			isa = XCConfigurationList;
			buildConfigurations = (
				3C03170025C64E1F00F5371C /* Debug */,
				3C03170125C64E1F00F5371C /* Release */,
			);
			defaultConfigurationIsVisible = 0;
			defaultConfigurationName = Release;
		};
		3C03170225C64E1F00F5371C /* Build configuration list for PBXNativeTarget "AlphabetWar" */ = {
			isa = XCConfigurationList;
			buildConfigurations = (
				3C03170325C64E1F00F5371C /* Debug */,
				3C03170425C64E1F00F5371C /* Release */,
			);
			defaultConfigurationIsVisible = 0;
			defaultConfigurationName = Release;
		};
/* End XCConfigurationList section */
	};
	rootObject = 3C0316E225C64E1D00F5371C /* Project object */;
}
